// !$*UTF8*$!
{
	archiveVersion = 1;
	classes = {
	};
	objectVersion = 50;
	objects = {

/* Begin PBXBuildFile section */
		D4111695221A04930084AFE5 /* StatisticGraphView.swift in Sources */ = {isa = PBXBuildFile; fileRef = D4111694221A04930084AFE5 /* StatisticGraphView.swift */; };
		D423C1A2219B1A8F00D645B4 /* CalculatorTV.swift in Sources */ = {isa = PBXBuildFile; fileRef = D423C1A1219B1A8F00D645B4 /* CalculatorTV.swift */; };
		D439F0CA21872FBC00011BF1 /* AppDelegate.swift in Sources */ = {isa = PBXBuildFile; fileRef = D439F0C921872FBC00011BF1 /* AppDelegate.swift */; };
		D439F0CF21872FBC00011BF1 /* Main.storyboard in Resources */ = {isa = PBXBuildFile; fileRef = D439F0CD21872FBC00011BF1 /* Main.storyboard */; };
		D439F0D121872FBD00011BF1 /* Assets.xcassets in Resources */ = {isa = PBXBuildFile; fileRef = D439F0D021872FBD00011BF1 /* Assets.xcassets */; };
		D439F0D421872FBD00011BF1 /* LaunchScreen.storyboard in Resources */ = {isa = PBXBuildFile; fileRef = D439F0D221872FBD00011BF1 /* LaunchScreen.storyboard */; };
		D473A9592214566B00288E17 /* FuelManager.swift in Sources */ = {isa = PBXBuildFile; fileRef = D473A9582214566B00288E17 /* FuelManager.swift */; };
		D473A95B221456B000288E17 /* FuelLog.swift in Sources */ = {isa = PBXBuildFile; fileRef = D473A95A221456B000288E17 /* FuelLog.swift */; };
		D473A95D2214578B00288E17 /* Extensions.swift in Sources */ = {isa = PBXBuildFile; fileRef = D473A95C2214578B00288E17 /* Extensions.swift */; };
		D473A95F2214586000288E17 /* FuelLogTableViewController.swift in Sources */ = {isa = PBXBuildFile; fileRef = D473A95E2214586000288E17 /* FuelLogTableViewController.swift */; };
		D473A961221458D500288E17 /* LogCell.swift in Sources */ = {isa = PBXBuildFile; fileRef = D473A960221458D500288E17 /* LogCell.swift */; };
		D473A9632214598500288E17 /* AddLogTableViewController.swift in Sources */ = {isa = PBXBuildFile; fileRef = D473A9622214598500288E17 /* AddLogTableViewController.swift */; };
/* End PBXBuildFile section */

/* Begin PBXFileReference section */
		D4111694221A04930084AFE5 /* StatisticGraphView.swift */ = {isa = PBXFileReference; lastKnownFileType = sourcecode.swift; path = StatisticGraphView.swift; sourceTree = "<group>"; };
		D423C1A1219B1A8F00D645B4 /* CalculatorTV.swift */ = {isa = PBXFileReference; lastKnownFileType = sourcecode.swift; path = CalculatorTV.swift; sourceTree = "<group>"; };
		D439F0C621872FBB00011BF1 /* firstApp.app */ = {isa = PBXFileReference; explicitFileType = wrapper.application; includeInIndex = 0; path = firstApp.app; sourceTree = BUILT_PRODUCTS_DIR; };
		D439F0C921872FBC00011BF1 /* AppDelegate.swift */ = {isa = PBXFileReference; lastKnownFileType = sourcecode.swift; path = AppDelegate.swift; sourceTree = "<group>"; };
		D439F0CE21872FBC00011BF1 /* Base */ = {isa = PBXFileReference; lastKnownFileType = file.storyboard; name = Base; path = Base.lproj/Main.storyboard; sourceTree = "<group>"; };
		D439F0D021872FBD00011BF1 /* Assets.xcassets */ = {isa = PBXFileReference; lastKnownFileType = folder.assetcatalog; path = Assets.xcassets; sourceTree = "<group>"; };
		D439F0D321872FBD00011BF1 /* Base */ = {isa = PBXFileReference; lastKnownFileType = file.storyboard; name = Base; path = Base.lproj/LaunchScreen.storyboard; sourceTree = "<group>"; };
		D439F0D521872FBD00011BF1 /* Info.plist */ = {isa = PBXFileReference; lastKnownFileType = text.plist.xml; path = Info.plist; sourceTree = "<group>"; };
		D473A9582214566B00288E17 /* FuelManager.swift */ = {isa = PBXFileReference; lastKnownFileType = sourcecode.swift; path = FuelManager.swift; sourceTree = "<group>"; };
		D473A95A221456B000288E17 /* FuelLog.swift */ = {isa = PBXFileReference; lastKnownFileType = sourcecode.swift; path = FuelLog.swift; sourceTree = "<group>"; };
		D473A95C2214578B00288E17 /* Extensions.swift */ = {isa = PBXFileReference; lastKnownFileType = sourcecode.swift; path = Extensions.swift; sourceTree = "<group>"; };
		D473A95E2214586000288E17 /* FuelLogTableViewController.swift */ = {isa = PBXFileReference; lastKnownFileType = sourcecode.swift; path = FuelLogTableViewController.swift; sourceTree = "<group>"; };
		D473A960221458D500288E17 /* LogCell.swift */ = {isa = PBXFileReference; lastKnownFileType = sourcecode.swift; path = LogCell.swift; sourceTree = "<group>"; };
		D473A9622214598500288E17 /* AddLogTableViewController.swift */ = {isa = PBXFileReference; lastKnownFileType = sourcecode.swift; path = AddLogTableViewController.swift; sourceTree = "<group>"; };
/* End PBXFileReference section */

/* Begin PBXFrameworksBuildPhase section */
		D439F0C321872FBB00011BF1 /* Frameworks */ = {
			isa = PBXFrameworksBuildPhase;
			buildActionMask = 2147483647;
			files = (
			);
			runOnlyForDeploymentPostprocessing = 0;
		};
/* End PBXFrameworksBuildPhase section */

/* Begin PBXGroup section */
		262C8DE0628DC3940BC4FCD3 /* Frameworks */ = {
			isa = PBXGroup;
			children = (
			);
			name = Frameworks;
			sourceTree = "<group>";
		};
		D439F0BD21872FBB00011BF1 = {
			isa = PBXGroup;
			children = (
				D439F0C821872FBB00011BF1 /* firstApp */,
				D439F0C721872FBB00011BF1 /* Products */,
				262C8DE0628DC3940BC4FCD3 /* Frameworks */,
			);
			sourceTree = "<group>";
		};
		D439F0C721872FBB00011BF1 /* Products */ = {
			isa = PBXGroup;
			children = (
				D439F0C621872FBB00011BF1 /* firstApp.app */,
			);
			name = Products;
			sourceTree = "<group>";
		};
		D439F0C821872FBB00011BF1 /* firstApp */ = {
			isa = PBXGroup;
			children = (
				D423C1A1219B1A8F00D645B4 /* CalculatorTV.swift */,
				D439F0C921872FBC00011BF1 /* AppDelegate.swift */,
				D439F0CD21872FBC00011BF1 /* Main.storyboard */,
				D439F0D021872FBD00011BF1 /* Assets.xcassets */,
				D439F0D221872FBD00011BF1 /* LaunchScreen.storyboard */,
				D439F0D521872FBD00011BF1 /* Info.plist */,
				D473A9582214566B00288E17 /* FuelManager.swift */,
				D473A95E2214586000288E17 /* FuelLogTableViewController.swift */,
				D473A960221458D500288E17 /* LogCell.swift */,
				D473A95A221456B000288E17 /* FuelLog.swift */,
				D473A95C2214578B00288E17 /* Extensions.swift */,
				D473A9622214598500288E17 /* AddLogTableViewController.swift */,
				D4111694221A04930084AFE5 /* StatisticGraphView.swift */,
			);
			path = firstApp;
			sourceTree = "<group>";
		};
/* End PBXGroup section */

/* Begin PBXNativeTarget section */
		D439F0C521872FBB00011BF1 /* firstApp */ = {
			isa = PBXNativeTarget;
			buildConfigurationList = D439F0D821872FBD00011BF1 /* Build configuration list for PBXNativeTarget "firstApp" */;
			buildPhases = (
				4B57DC2366EDA84FC10944BE /* [CP] Check Pods Manifest.lock */,
				D439F0C221872FBB00011BF1 /* Sources */,
				D439F0C321872FBB00011BF1 /* Frameworks */,
				D439F0C421872FBB00011BF1 /* Resources */,
				486CBC9FEFAF9B481F1E8939 /* [CP] Embed Pods Frameworks */,
			);
			buildRules = (
			);
			dependencies = (
			);
			name = firstApp;
			productName = firstApp;
			productReference = D439F0C621872FBB00011BF1 /* firstApp.app */;
			productType = "com.apple.product-type.application";
		};
/* End PBXNativeTarget section */

/* Begin PBXProject section */
		D439F0BE21872FBB00011BF1 /* Project object */ = {
			isa = PBXProject;
			attributes = {
				LastSwiftUpdateCheck = 1000;
				LastUpgradeCheck = 1000;
				ORGANIZATIONNAME = "Igor Lishchenko";
				TargetAttributes = {
					D439F0C521872FBB00011BF1 = {
						CreatedOnToolsVersion = 10.0;
					};
				};
			};
			buildConfigurationList = D439F0C121872FBB00011BF1 /* Build configuration list for PBXProject "firstApp" */;
			compatibilityVersion = "Xcode 9.3";
			developmentRegion = en;
			hasScannedForEncodings = 0;
			knownRegions = (
				en,
				Base,
			);
			mainGroup = D439F0BD21872FBB00011BF1;
			productRefGroup = D439F0C721872FBB00011BF1 /* Products */;
			projectDirPath = "";
			projectRoot = "";
			targets = (
				D439F0C521872FBB00011BF1 /* firstApp */,
			);
		};
/* End PBXProject section */

/* Begin PBXResourcesBuildPhase section */
		D439F0C421872FBB00011BF1 /* Resources */ = {
			isa = PBXResourcesBuildPhase;
			buildActionMask = 2147483647;
			files = (
				D439F0D421872FBD00011BF1 /* LaunchScreen.storyboard in Resources */,
				D439F0D121872FBD00011BF1 /* Assets.xcassets in Resources */,
				D439F0CF21872FBC00011BF1 /* Main.storyboard in Resources */,
			);
			runOnlyForDeploymentPostprocessing = 0;
		};
/* End PBXResourcesBuildPhase section */

/* Begin PBXShellScriptBuildPhase section */
		486CBC9FEFAF9B481F1E8939 /* [CP] Embed Pods Frameworks */ = {
			isa = PBXShellScriptBuildPhase;
			buildActionMask = 2147483647;
			files = (
			);
			inputFileListPaths = (
			);
			inputPaths = (
				"${SRCROOT}/Pods/Target Support Files/Pods-firstApp/Pods-firstApp-frameworks.sh",
				"${BUILT_PRODUCTS_DIR}/Charts/Charts.framework",
			);
			name = "[CP] Embed Pods Frameworks";
			outputFileListPaths = (
			);
			outputPaths = (
				"${TARGET_BUILD_DIR}/${FRAMEWORKS_FOLDER_PATH}/Charts.framework",
			);
			runOnlyForDeploymentPostprocessing = 0;
			shellPath = /bin/sh;
			shellScript = "\"${SRCROOT}/Pods/Target Support Files/Pods-firstApp/Pods-firstApp-frameworks.sh\"\n";
			showEnvVarsInLog = 0;
		};
		4B57DC2366EDA84FC10944BE /* [CP] Check Pods Manifest.lock */ = {
			isa = PBXShellScriptBuildPhase;
			buildActionMask = 2147483647;
			files = (
			);
			inputFileListPaths = (
			);
			inputPaths = (
				"${PODS_PODFILE_DIR_PATH}/Podfile.lock",
				"${PODS_ROOT}/Manifest.lock",
			);
			name = "[CP] Check Pods Manifest.lock";
			outputFileListPaths = (
			);
			outputPaths = (
				"$(DERIVED_FILE_DIR)/Pods-firstApp-checkManifestLockResult.txt",
			);
			runOnlyForDeploymentPostprocessing = 0;
			shellPath = /bin/sh;
			shellScript = "diff \"${PODS_PODFILE_DIR_PATH}/Podfile.lock\" \"${PODS_ROOT}/Manifest.lock\" > /dev/null\nif [ $? != 0 ] ; then\n    # print error to STDERR\n    echo \"error: The sandbox is not in sync with the Podfile.lock. Run 'pod install' or update your CocoaPods installation.\" >&2\n    exit 1\nfi\n# This output is used by Xcode 'outputs' to avoid re-running this script phase.\necho \"SUCCESS\" > \"${SCRIPT_OUTPUT_FILE_0}\"\n";
			showEnvVarsInLog = 0;
		};
/* End PBXShellScriptBuildPhase section */

/* Begin PBXSourcesBuildPhase section */
		D439F0C221872FBB00011BF1 /* Sources */ = {
			isa = PBXSourcesBuildPhase;
			buildActionMask = 2147483647;
			files = (
				D473A961221458D500288E17 /* LogCell.swift in Sources */,
				D473A95B221456B000288E17 /* FuelLog.swift in Sources */,
				D423C1A2219B1A8F00D645B4 /* CalculatorTV.swift in Sources */,
				D4111695221A04930084AFE5 /* StatisticGraphView.swift in Sources */,
				D473A9632214598500288E17 /* AddLogTableViewController.swift in Sources */,
				D473A95F2214586000288E17 /* FuelLogTableViewController.swift in Sources */,
				D473A95D2214578B00288E17 /* Extensions.swift in Sources */,
				D439F0CA21872FBC00011BF1 /* AppDelegate.swift in Sources */,
				D473A9592214566B00288E17 /* FuelManager.swift in Sources */,
			);
			runOnlyForDeploymentPostprocessing = 0;
		};
/* End PBXSourcesBuildPhase section */

/* Begin PBXVariantGroup section */
		D439F0CD21872FBC00011BF1 /* Main.storyboard */ = {
			isa = PBXVariantGroup;
			children = (
				D439F0CE21872FBC00011BF1 /* Base */,
			);
			name = Main.storyboard;
			sourceTree = "<group>";
		};
		D439F0D221872FBD00011BF1 /* LaunchScreen.storyboard */ = {
			isa = PBXVariantGroup;
			children = (
				D439F0D321872FBD00011BF1 /* Base */,
			);
			name = LaunchScreen.storyboard;
			sourceTree = "<group>";
		};
/* End PBXVariantGroup section */

/* Begin XCBuildConfiguration section */
		D439F0D621872FBD00011BF1 /* Debug */ = {
			isa = XCBuildConfiguration;
			buildSettings = {
				ALWAYS_SEARCH_USER_PATHS = NO;
				CLANG_ANALYZER_NONNULL = YES;
				CLANG_ANALYZER_NUMBER_OBJECT_CONVERSION = YES_AGGRESSIVE;
				CLANG_CXX_LANGUAGE_STANDARD = "gnu++14";
				CLANG_CXX_LIBRARY = "libc++";
				CLANG_ENABLE_MODULES = YES;
				CLANG_ENABLE_OBJC_ARC = YES;
				CLANG_ENABLE_OBJC_WEAK = YES;
				CLANG_WARN_BLOCK_CAPTURE_AUTORELEASING = YES;
				CLANG_WARN_BOOL_CONVERSION = YES;
				CLANG_WARN_COMMA = YES;
				CLANG_WARN_CONSTANT_CONVERSION = YES;
				CLANG_WARN_DEPRECATED_OBJC_IMPLEMENTATIONS = YES;
				CLANG_WARN_DIRECT_OBJC_ISA_USAGE = YES_ERROR;
				CLANG_WARN_DOCUMENTATION_COMMENTS = YES;
				CLANG_WARN_EMPTY_BODY = YES;
				CLANG_WARN_ENUM_CONVERSION = YES;
				CLANG_WARN_INFINITE_RECURSION = YES;
				CLANG_WARN_INT_CONVERSION = YES;
				CLANG_WARN_NON_LITERAL_NULL_CONVERSION = YES;
				CLANG_WARN_OBJC_IMPLICIT_RETAIN_SELF = YES;
				CLANG_WARN_OBJC_LITERAL_CONVERSION = YES;
				CLANG_WARN_OBJC_ROOT_CLASS = YES_ERROR;
				CLANG_WARN_RANGE_LOOP_ANALYSIS = YES;
				CLANG_WARN_STRICT_PROTOTYPES = YES;
				CLANG_WARN_SUSPICIOUS_MOVE = YES;
				CLANG_WARN_UNGUARDED_AVAILABILITY = YES_AGGRESSIVE;
				CLANG_WARN_UNREACHABLE_CODE = YES;
				CLANG_WARN__DUPLICATE_METHOD_MATCH = YES;
				CODE_SIGN_IDENTITY = "iPhone Developer";
				COPY_PHASE_STRIP = NO;
				DEBUG_INFORMATION_FORMAT = dwarf;
				ENABLE_STRICT_OBJC_MSGSEND = YES;
				ENABLE_TESTABILITY = YES;
				GCC_C_LANGUAGE_STANDARD = gnu11;
				GCC_DYNAMIC_NO_PIC = NO;
				GCC_NO_COMMON_BLOCKS = YES;
				GCC_OPTIMIZATION_LEVEL = 0;
				GCC_PREPROCESSOR_DEFINITIONS = (
					"DEBUG=1",
					"$(inherited)",
				);
				GCC_WARN_64_TO_32_BIT_CONVERSION = YES;
				GCC_WARN_ABOUT_RETURN_TYPE = YES_ERROR;
				GCC_WARN_UNDECLARED_SELECTOR = YES;
				GCC_WARN_UNINITIALIZED_AUTOS = YES_AGGRESSIVE;
				GCC_WARN_UNUSED_FUNCTION = YES;
				GCC_WARN_UNUSED_VARIABLE = YES;
				IPHONEOS_DEPLOYMENT_TARGET = 12.0;
				MTL_ENABLE_DEBUG_INFO = INCLUDE_SOURCE;
				MTL_FAST_MATH = YES;
				ONLY_ACTIVE_ARCH = YES;
				SDKROOT = iphoneos;
				SWIFT_ACTIVE_COMPILATION_CONDITIONS = DEBUG;
				SWIFT_OPTIMIZATION_LEVEL = "-Onone";
			};
			name = Debug;
		};
		D439F0D721872FBD00011BF1 /* Release */ = {
			isa = XCBuildConfiguration;
			buildSettings = {
				ALWAYS_SEARCH_USER_PATHS = NO;
				CLANG_ANALYZER_NONNULL = YES;
				CLANG_ANALYZER_NUMBER_OBJECT_CONVERSION = YES_AGGRESSIVE;
				CLANG_CXX_LANGUAGE_STANDARD = "gnu++14";
				CLANG_CXX_LIBRARY = "libc++";
				CLANG_ENABLE_MODULES = YES;
				CLANG_ENABLE_OBJC_ARC = YES;
				CLANG_ENABLE_OBJC_WEAK = YES;
				CLANG_WARN_BLOCK_CAPTURE_AUTORELEASING = YES;
				CLANG_WARN_BOOL_CONVERSION = YES;
				CLANG_WARN_COMMA = YES;
				CLANG_WARN_CONSTANT_CONVERSION = YES;
				CLANG_WARN_DEPRECATED_OBJC_IMPLEMENTATIONS = YES;
				CLANG_WARN_DIRECT_OBJC_ISA_USAGE = YES_ERROR;
				CLANG_WARN_DOCUMENTATION_COMMENTS = YES;
				CLANG_WARN_EMPTY_BODY = YES;
				CLANG_WARN_ENUM_CONVERSION = YES;
				CLANG_WARN_INFINITE_RECURSION = YES;
				CLANG_WARN_INT_CONVERSION = YES;
				CLANG_WARN_NON_LITERAL_NULL_CONVERSION = YES;
				CLANG_WARN_OBJC_IMPLICIT_RETAIN_SELF = YES;
				CLANG_WARN_OBJC_LITERAL_CONVERSION = YES;
				CLANG_WARN_OBJC_ROOT_CLASS = YES_ERROR;
				CLANG_WARN_RANGE_LOOP_ANALYSIS = YES;
				CLANG_WARN_STRICT_PROTOTYPES = YES;
				CLANG_WARN_SUSPICIOUS_MOVE = YES;
				CLANG_WARN_UNGUARDED_AVAILABILITY = YES_AGGRESSIVE;
				CLANG_WARN_UNREACHABLE_CODE = YES;
				CLANG_WARN__DUPLICATE_METHOD_MATCH = YES;
				CODE_SIGN_IDENTITY = "iPhone Developer";
				COPY_PHASE_STRIP = NO;
				DEBUG_INFORMATION_FORMAT = "dwarf-with-dsym";
				ENABLE_NS_ASSERTIONS = NO;
				ENABLE_STRICT_OBJC_MSGSEND = YES;
				GCC_C_LANGUAGE_STANDARD = gnu11;
				GCC_NO_COMMON_BLOCKS = YES;
				GCC_WARN_64_TO_32_BIT_CONVERSION = YES;
				GCC_WARN_ABOUT_RETURN_TYPE = YES_ERROR;
				GCC_WARN_UNDECLARED_SELECTOR = YES;
				GCC_WARN_UNINITIALIZED_AUTOS = YES_AGGRESSIVE;
				GCC_WARN_UNUSED_FUNCTION = YES;
				GCC_WARN_UNUSED_VARIABLE = YES;
				IPHONEOS_DEPLOYMENT_TARGET = 12.0;
				MTL_ENABLE_DEBUG_INFO = NO;
				MTL_FAST_MATH = YES;
				SDKROOT = iphoneos;
				SWIFT_COMPILATION_MODE = wholemodule;
				SWIFT_OPTIMIZATION_LEVEL = "-O";
				VALIDATE_PRODUCT = YES;
			};
			name = Release;
		};
		D439F0D921872FBD00011BF1 /* Debug */ = {
			isa = XCBuildConfiguration;
			buildSettings = {
				ASSETCATALOG_COMPILER_APPICON_NAME = AppIcon;
				CODE_SIGN_STYLE = Automatic;
				DEVELOPMENT_TEAM = 5VTXTVQH26;
				INFOPLIST_FILE = firstApp/Info.plist;
				LD_RUNPATH_SEARCH_PATHS = (
					"$(inherited)",
					"@executable_path/Frameworks",
				);
				PRODUCT_BUNDLE_IDENTIFIER = com.Lishchenko.firstApp;
				PRODUCT_NAME = "$(TARGET_NAME)";
				SWIFT_VERSION = 4.2;
				TARGETED_DEVICE_FAMILY = "1,2";
			};
			name = Debug;
		};
		D439F0DA21872FBD00011BF1 /* Release */ = {
			isa = XCBuildConfiguration;
			buildSettings = {
				ASSETCATALOG_COMPILER_APPICON_NAME = AppIcon;
				CODE_SIGN_STYLE = Automatic;
				DEVELOPMENT_TEAM = 5VTXTVQH26;
				INFOPLIST_FILE = firstApp/Info.plist;
				LD_RUNPATH_SEARCH_PATHS = (
					"$(inherited)",
					"@executable_path/Frameworks",
				);
				PRODUCT_BUNDLE_IDENTIFIER = com.Lishchenko.firstApp;
				PRODUCT_NAME = "$(TARGET_NAME)";
				SWIFT_VERSION = 4.2;
				TARGETED_DEVICE_FAMILY = "1,2";
			};
			name = Release;
		};
/* End XCBuildConfiguration section */

/* Begin XCConfigurationList section */
		D439F0C121872FBB00011BF1 /* Build configuration list for PBXProject "firstApp" */ = {
			isa = XCConfigurationList;
			buildConfigurations = (
				D439F0D621872FBD00011BF1 /* Debug */,
				D439F0D721872FBD00011BF1 /* Release */,
			);
			defaultConfigurationIsVisible = 0;
			defaultConfigurationName = Release;
		};
		D439F0D821872FBD00011BF1 /* Build configuration list for PBXNativeTarget "firstApp" */ = {
			isa = XCConfigurationList;
			buildConfigurations = (
				D439F0D921872FBD00011BF1 /* Debug */,
				D439F0DA21872FBD00011BF1 /* Release */,
			);
			defaultConfigurationIsVisible = 0;
			defaultConfigurationName = Release;
		};
/* End XCConfigurationList section */
	};
	rootObject = D439F0BE21872FBB00011BF1 /* Project object */;
}
